
Microsoft Visual Studio Solution File, Format Version 12.00
# Visual Studio 15
VisualStudioVersion = 15.0.28307.645
MinimumVisualStudioVersion = 10.0.40219.1
Project("{FAE04EC0-301F-11D3-BF4B-00C04F79EFBC}") = "SaveCatch.Android", "SaveCatch\SaveCatch.Android\SaveCatch.Android.csproj", "{495D883F-A2B7-4AB9-8948-4BEB3ED84381}"
EndProject
Project("{FAE04EC0-301F-11D3-BF4B-00C04F79EFBC}") = "SaveCatch.iOS", "SaveCatch\SaveCatch.iOS\SaveCatch.iOS.csproj", "{C632C562-5D45-470C-AED3-033E83626EE3}"
EndProject
Project("{FAE04EC0-301F-11D3-BF4B-00C04F79EFBC}") = "SaveCatch.UWP", "SaveCatch\SaveCatch.UWP\SaveCatch.UWP.csproj", "{07F6C5A7-B395-44A8-A414-4560EE043DD3}"
EndProject
Project("{FAE04EC0-301F-11D3-BF4B-00C04F79EFBC}") = "SaveCatch", "SaveCatch\SaveCatch\SaveCatch.csproj", "{95D7A417-A452-4887-9559-4BC753C1D2BE}"
EndProject
Global
	GlobalSection(SolutionConfigurationPlatforms) = preSolution
		Ad-Hoc|Any CPU = Ad-Hoc|Any CPU
		Ad-Hoc|ARM = Ad-Hoc|ARM
		Ad-Hoc|iPhone = Ad-Hoc|iPhone
		Ad-Hoc|iPhoneSimulator = Ad-Hoc|iPhoneSimulator
		Ad-Hoc|x64 = Ad-Hoc|x64
		Ad-Hoc|x86 = Ad-Hoc|x86
		AppStore|Any CPU = AppStore|Any CPU
		AppStore|ARM = AppStore|ARM
		AppStore|iPhone = AppStore|iPhone
		AppStore|iPhoneSimulator = AppStore|iPhoneSimulator
		AppStore|x64 = AppStore|x64
		AppStore|x86 = AppStore|x86
		Debug|Any CPU = Debug|Any CPU
		Debug|ARM = Debug|ARM
		Debug|iPhone = Debug|iPhone
		Debug|iPhoneSimulator = Debug|iPhoneSimulator
		Debug|x64 = Debug|x64
		Debug|x86 = Debug|x86
		Release|Any CPU = Release|Any CPU
		Release|ARM = Release|ARM
		Release|iPhone = Release|iPhone
		Release|iPhoneSimulator = Release|iPhoneSimulator
		Release|x64 = Release|x64
		Release|x86 = Release|x86
	EndGlobalSection
	GlobalSection(ProjectConfigurationPlatforms) = postSolution
		{495D883F-A2B7-4AB9-8948-4BEB3ED84381}.Ad-Hoc|Any CPU.ActiveCfg = Release|Any CPU
		{495D883F-A2B7-4AB9-8948-4BEB3ED84381}.Ad-Hoc|Any CPU.Build.0 = Release|Any CPU
		{495D883F-A2B7-4AB9-8948-4BEB3ED84381}.Ad-Hoc|Any CPU.Deploy.0 = Release|Any CPU
		{495D883F-A2B7-4AB9-8948-4BEB3ED84381}.Ad-Hoc|ARM.ActiveCfg = Release|Any CPU
		{495D883F-A2B7-4AB9-8948-4BEB3ED84381}.Ad-Hoc|ARM.Build.0 = Release|Any CPU
		{495D883F-A2B7-4AB9-8948-4BEB3ED84381}.Ad-Hoc|ARM.Deploy.0 = Release|Any CPU
		{495D883F-A2B7-4AB9-8948-4BEB3ED84381}.Ad-Hoc|iPhone.ActiveCfg = Release|Any CPU
		{495D883F-A2B7-4AB9-8948-4BEB3ED84381}.Ad-Hoc|iPhone.Build.0 = Release|Any CPU
		{495D883F-A2B7-4AB9-8948-4BEB3ED84381}.Ad-Hoc|iPhone.Deploy.0 = Release|Any CPU
		{495D883F-A2B7-4AB9-8948-4BEB3ED84381}.Ad-Hoc|iPhoneSimulator.ActiveCfg = Release|Any CPU
		{495D883F-A2B7-4AB9-8948-4BEB3ED84381}.Ad-Hoc|iPhoneSimulator.Build.0 = Release|Any CPU
		{495D883F-A2B7-4AB9-8948-4BEB3ED84381}.Ad-Hoc|iPhoneSimulator.Deploy.0 = Release|Any CPU
		{495D883F-A2B7-4AB9-8948-4BEB3ED84381}.Ad-Hoc|x64.ActiveCfg = Release|Any CPU
		{495D883F-A2B7-4AB9-8948-4BEB3ED84381}.Ad-Hoc|x64.Build.0 = Release|Any CPU
		{495D883F-A2B7-4AB9-8948-4BEB3ED84381}.Ad-Hoc|x64.Deploy.0 = Release|Any CPU
		{495D883F-A2B7-4AB9-8948-4BEB3ED84381}.Ad-Hoc|x86.ActiveCfg = Release|Any CPU
		{495D883F-A2B7-4AB9-8948-4BEB3ED84381}.Ad-Hoc|x86.Build.0 = Release|Any CPU
		{495D883F-A2B7-4AB9-8948-4BEB3ED84381}.Ad-Hoc|x86.Deploy.0 = Release|Any CPU
		{495D883F-A2B7-4AB9-8948-4BEB3ED84381}.AppStore|Any CPU.ActiveCfg = Release|Any CPU
		{495D883F-A2B7-4AB9-8948-4BEB3ED84381}.AppStore|Any CPU.Build.0 = Release|Any CPU
		{495D883F-A2B7-4AB9-8948-4BEB3ED84381}.AppStore|Any CPU.Deploy.0 = Release|Any CPU
		{495D883F-A2B7-4AB9-8948-4BEB3ED84381}.AppStore|ARM.ActiveCfg = Release|Any CPU
		{495D883F-A2B7-4AB9-8948-4BEB3ED84381}.AppStore|ARM.Build.0 = Release|Any CPU
		{495D883F-A2B7-4AB9-8948-4BEB3ED84381}.AppStore|ARM.Deploy.0 = Release|Any CPU
		{495D883F-A2B7-4AB9-8948-4BEB3ED84381}.AppStore|iPhone.ActiveCfg = Release|Any CPU
		{495D883F-A2B7-4AB9-8948-4BEB3ED84381}.AppStore|iPhone.Build.0 = Release|Any CPU
		{495D883F-A2B7-4AB9-8948-4BEB3ED84381}.AppStore|iPhone.Deploy.0 = Release|Any CPU
		{495D883F-A2B7-4AB9-8948-4BEB3ED84381}.AppStore|iPhoneSimulator.ActiveCfg = Release|Any CPU
		{495D883F-A2B7-4AB9-8948-4BEB3ED84381}.AppStore|iPhoneSimulator.Build.0 = Release|Any CPU
		{495D883F-A2B7-4AB9-8948-4BEB3ED84381}.AppStore|iPhoneSimulator.Deploy.0 = Release|Any CPU
		{495D883F-A2B7-4AB9-8948-4BEB3ED84381}.AppStore|x64.ActiveCfg = Release|Any CPU
		{495D883F-A2B7-4AB9-8948-4BEB3ED84381}.AppStore|x64.Build.0 = Release|Any CPU
		{495D883F-A2B7-4AB9-8948-4BEB3ED84381}.AppStore|x64.Deploy.0 = Release|Any CPU
		{495D883F-A2B7-4AB9-8948-4BEB3ED84381}.AppStore|x86.ActiveCfg = Release|Any CPU
		{495D883F-A2B7-4AB9-8948-4BEB3ED84381}.AppStore|x86.Build.0 = Release|Any CPU
		{495D883F-A2B7-4AB9-8948-4BEB3ED84381}.AppStore|x86.Deploy.0 = Release|Any CPU
		{495D883F-A2B7-4AB9-8948-4BEB3ED84381}.Debug|Any CPU.ActiveCfg = Debug|Any CPU
		{495D883F-A2B7-4AB9-8948-4BEB3ED84381}.Debug|Any CPU.Build.0 = Debug|Any CPU
		{495D883F-A2B7-4AB9-8948-4BEB3ED84381}.Debug|Any CPU.Deploy.0 = Debug|Any CPU
		{495D883F-A2B7-4AB9-8948-4BEB3ED84381}.Debug|ARM.ActiveCfg = Debug|Any CPU
		{495D883F-A2B7-4AB9-8948-4BEB3ED84381}.Debug|ARM.Build.0 = Debug|Any CPU
		{495D883F-A2B7-4AB9-8948-4BEB3ED84381}.Debug|ARM.Deploy.0 = Debug|Any CPU
		{495D883F-A2B7-4AB9-8948-4BEB3ED84381}.Debug|iPhone.ActiveCfg = Debug|Any CPU
		{495D883F-A2B7-4AB9-8948-4BEB3ED84381}.Debug|iPhone.Build.0 = Debug|Any CPU
		{495D883F-A2B7-4AB9-8948-4BEB3ED84381}.Debug|iPhone.Deploy.0 = Debug|Any CPU
		{495D883F-A2B7-4AB9-8948-4BEB3ED84381}.Debug|iPhoneSimulator.ActiveCfg = Debug|Any CPU
		{495D883F-A2B7-4AB9-8948-4BEB3ED84381}.Debug|iPhoneSimulator.Build.0 = Debug|Any CPU
		{495D883F-A2B7-4AB9-8948-4BEB3ED84381}.Debug|iPhoneSimulator.Deploy.0 = Debug|Any CPU
		{495D883F-A2B7-4AB9-8948-4BEB3ED84381}.Debug|x64.ActiveCfg = Debug|Any CPU
		{495D883F-A2B7-4AB9-8948-4BEB3ED84381}.Debug|x64.Build.0 = Debug|Any CPU
		{495D883F-A2B7-4AB9-8948-4BEB3ED84381}.Debug|x64.Deploy.0 = Debug|Any CPU
		{495D883F-A2B7-4AB9-8948-4BEB3ED84381}.Debug|x86.ActiveCfg = Debug|Any CPU
		{495D883F-A2B7-4AB9-8948-4BEB3ED84381}.Debug|x86.Build.0 = Debug|Any CPU
		{495D883F-A2B7-4AB9-8948-4BEB3ED84381}.Debug|x86.Deploy.0 = Debug|Any CPU
		{495D883F-A2B7-4AB9-8948-4BEB3ED84381}.Release|Any CPU.ActiveCfg = Release|Any CPU
		{495D883F-A2B7-4AB9-8948-4BEB3ED84381}.Release|Any CPU.Build.0 = Release|Any CPU
		{495D883F-A2B7-4AB9-8948-4BEB3ED84381}.Release|Any CPU.Deploy.0 = Release|Any CPU
		{495D883F-A2B7-4AB9-8948-4BEB3ED84381}.Release|ARM.ActiveCfg = Release|Any CPU
		{495D883F-A2B7-4AB9-8948-4BEB3ED84381}.Release|ARM.Build.0 = Release|Any CPU
		{495D883F-A2B7-4AB9-8948-4BEB3ED84381}.Release|ARM.Deploy.0 = Release|Any CPU
		{495D883F-A2B7-4AB9-8948-4BEB3ED84381}.Release|iPhone.ActiveCfg = Release|Any CPU
		{495D883F-A2B7-4AB9-8948-4BEB3ED84381}.Release|iPhone.Build.0 = Release|Any CPU
		{495D883F-A2B7-4AB9-8948-4BEB3ED84381}.Release|iPhone.Deploy.0 = Release|Any CPU
		{495D883F-A2B7-4AB9-8948-4BEB3ED84381}.Release|iPhoneSimulator.ActiveCfg = Release|Any CPU
		{495D883F-A2B7-4AB9-8948-4BEB3ED84381}.Release|iPhoneSimulator.Build.0 = Release|Any CPU
		{495D883F-A2B7-4AB9-8948-4BEB3ED84381}.Release|iPhoneSimulator.Deploy.0 = Release|Any CPU
		{495D883F-A2B7-4AB9-8948-4BEB3ED84381}.Release|x64.ActiveCfg = Release|Any CPU
		{495D883F-A2B7-4AB9-8948-4BEB3ED84381}.Release|x64.Build.0 = Release|Any CPU
		{495D883F-A2B7-4AB9-8948-4BEB3ED84381}.Release|x64.Deploy.0 = Release|Any CPU
		{495D883F-A2B7-4AB9-8948-4BEB3ED84381}.Release|x86.ActiveCfg = Release|Any CPU
		{495D883F-A2B7-4AB9-8948-4BEB3ED84381}.Release|x86.Build.0 = Release|Any CPU
		{495D883F-A2B7-4AB9-8948-4BEB3ED84381}.Release|x86.Deploy.0 = Release|Any CPU
		{C632C562-5D45-470C-AED3-033E83626EE3}.Ad-Hoc|Any CPU.ActiveCfg = Ad-Hoc|iPhone
		{C632C562-5D45-470C-AED3-033E83626EE3}.Ad-Hoc|Any CPU.Build.0 = Ad-Hoc|iPhone
		{C632C562-5D45-470C-AED3-033E83626EE3}.Ad-Hoc|Any CPU.Deploy.0 = Ad-Hoc|iPhone
		{C632C562-5D45-470C-AED3-033E83626EE3}.Ad-Hoc|ARM.ActiveCfg = Ad-Hoc|iPhone
		{C632C562-5D45-470C-AED3-033E83626EE3}.Ad-Hoc|ARM.Build.0 = Ad-Hoc|iPhone
		{C632C562-5D45-470C-AED3-033E83626EE3}.Ad-Hoc|ARM.Deploy.0 = Ad-Hoc|iPhone
		{C632C562-5D45-470C-AED3-033E83626EE3}.Ad-Hoc|iPhone.ActiveCfg = Ad-Hoc|iPhone
		{C632C562-5D45-470C-AED3-033E83626EE3}.Ad-Hoc|iPhone.Build.0 = Ad-Hoc|iPhone
		{C632C562-5D45-470C-AED3-033E83626EE3}.Ad-Hoc|iPhone.Deploy.0 = Ad-Hoc|iPhone
		{C632C562-5D45-470C-AED3-033E83626EE3}.Ad-Hoc|iPhoneSimulator.ActiveCfg = Ad-Hoc|iPhoneSimulator
		{C632C562-5D45-470C-AED3-033E83626EE3}.Ad-Hoc|iPhoneSimulator.Build.0 = Ad-Hoc|iPhoneSimulator
		{C632C562-5D45-470C-AED3-033E83626EE3}.Ad-Hoc|iPhoneSimulator.Deploy.0 = Ad-Hoc|iPhoneSimulator
		{C632C562-5D45-470C-AED3-033E83626EE3}.Ad-Hoc|x64.ActiveCfg = Ad-Hoc|iPhone
		{C632C562-5D45-470C-AED3-033E83626EE3}.Ad-Hoc|x64.Build.0 = Ad-Hoc|iPhone
		{C632C562-5D45-470C-AED3-033E83626EE3}.Ad-Hoc|x64.Deploy.0 = Ad-Hoc|iPhone
		{C632C562-5D45-470C-AED3-033E83626EE3}.Ad-Hoc|x86.ActiveCfg = Ad-Hoc|iPhone
		{C632C562-5D45-470C-AED3-033E83626EE3}.Ad-Hoc|x86.Build.0 = Ad-Hoc|iPhone
		{C632C562-5D45-470C-AED3-033E83626EE3}.Ad-Hoc|x86.Deploy.0 = Ad-Hoc|iPhone
		{C632C562-5D45-470C-AED3-033E83626EE3}.AppStore|Any CPU.ActiveCfg = AppStore|iPhone
		{C632C562-5D45-470C-AED3-033E83626EE3}.AppStore|Any CPU.Build.0 = AppStore|iPhone
		{C632C562-5D45-470C-AED3-033E83626EE3}.AppStore|Any CPU.Deploy.0 = AppStore|iPhone
		{C632C562-5D45-470C-AED3-033E83626EE3}.AppStore|ARM.ActiveCfg = AppStore|iPhone
		{C632C562-5D45-470C-AED3-033E83626EE3}.AppStore|ARM.Build.0 = AppStore|iPhone
		{C632C562-5D45-470C-AED3-033E83626EE3}.AppStore|ARM.Deploy.0 = AppStore|iPhone
		{C632C562-5D45-470C-AED3-033E83626EE3}.AppStore|iPhone.ActiveCfg = AppStore|iPhone
		{C632C562-5D45-470C-AED3-033E83626EE3}.AppStore|iPhone.Build.0 = AppStore|iPhone
		{C632C562-5D45-470C-AED3-033E83626EE3}.AppStore|iPhone.Deploy.0 = AppStore|iPhone
		{C632C562-5D45-470C-AED3-033E83626EE3}.AppStore|iPhoneSimulator.ActiveCfg = AppStore|iPhoneSimulator
		{C632C562-5D45-470C-AED3-033E83626EE3}.AppStore|iPhoneSimulator.Build.0 = AppStore|iPhoneSimulator
		{C632C562-5D45-470C-AED3-033E83626EE3}.AppStore|iPhoneSimulator.Deploy.0 = AppStore|iPhoneSimulator
		{C632C562-5D45-470C-AED3-033E83626EE3}.AppStore|x64.ActiveCfg = AppStore|iPhone
		{C632C562-5D45-470C-AED3-033E83626EE3}.AppStore|x64.Build.0 = AppStore|iPhone
		{C632C562-5D45-470C-AED3-033E83626EE3}.AppStore|x64.Deploy.0 = AppStore|iPhone
		{C632C562-5D45-470C-AED3-033E83626EE3}.AppStore|x86.ActiveCfg = AppStore|iPhone
		{C632C562-5D45-470C-AED3-033E83626EE3}.AppStore|x86.Build.0 = AppStore|iPhone
		{C632C562-5D45-470C-AED3-033E83626EE3}.AppStore|x86.Deploy.0 = AppStore|iPhone
		{C632C562-5D45-470C-AED3-033E83626EE3}.Debug|Any CPU.ActiveCfg = Debug|iPhoneSimulator
		{C632C562-5D45-470C-AED3-033E83626EE3}.Debug|Any CPU.Build.0 = Debug|iPhoneSimulator
		{C632C562-5D45-470C-AED3-033E83626EE3}.Debug|Any CPU.Deploy.0 = Debug|iPhoneSimulator
		{C632C562-5D45-470C-AED3-033E83626EE3}.Debug|ARM.ActiveCfg = Debug|iPhone
		{C632C562-5D45-470C-AED3-033E83626EE3}.Debug|ARM.Build.0 = Debug|iPhone
		{C632C562-5D45-470C-AED3-033E83626EE3}.Debug|ARM.Deploy.0 = Debug|iPhone
		{C632C562-5D45-470C-AED3-033E83626EE3}.Debug|iPhone.ActiveCfg = Debug|iPhone
		{C632C562-5D45-470C-AED3-033E83626EE3}.Debug|iPhone.Build.0 = Debug|iPhone
		{C632C562-5D45-470C-AED3-033E83626EE3}.Debug|iPhone.Deploy.0 = Debug|iPhone
		{C632C562-5D45-470C-AED3-033E83626EE3}.Debug|iPhoneSimulator.ActiveCfg = Debug|iPhoneSimulator
		{C632C562-5D45-470C-AED3-033E83626EE3}.Debug|iPhoneSimulator.Build.0 = Debug|iPhoneSimulator
		{C632C562-5D45-470C-AED3-033E83626EE3}.Debug|iPhoneSimulator.Deploy.0 = Debug|iPhoneSimulator
		{C632C562-5D45-470C-AED3-033E83626EE3}.Debug|x64.ActiveCfg = Debug|iPhone
		{C632C562-5D45-470C-AED3-033E83626EE3}.Debug|x64.Build.0 = Debug|iPhone
		{C632C562-5D45-470C-AED3-033E83626EE3}.Debug|x64.Deploy.0 = Debug|iPhone
		{C632C562-5D45-470C-AED3-033E83626EE3}.Debug|x86.ActiveCfg = Debug|iPhone
		{C632C562-5D45-470C-AED3-033E83626EE3}.Debug|x86.Build.0 = Debug|iPhone
		{C632C562-5D45-470C-AED3-033E83626EE3}.Debug|x86.Deploy.0 = Debug|iPhone
		{C632C562-5D45-470C-AED3-033E83626EE3}.Release|Any CPU.ActiveCfg = Release|iPhone
		{C632C562-5D45-470C-AED3-033E83626EE3}.Release|Any CPU.Build.0 = Release|iPhone
		{C632C562-5D45-470C-AED3-033E83626EE3}.Release|Any CPU.Deploy.0 = Release|iPhone
		{C632C562-5D45-470C-AED3-033E83626EE3}.Release|ARM.ActiveCfg = Release|iPhone
		{C632C562-5D45-470C-AED3-033E83626EE3}.Release|ARM.Build.0 = Release|iPhone
		{C632C562-5D45-470C-AED3-033E83626EE3}.Release|ARM.Deploy.0 = Release|iPhone
		{C632C562-5D45-470C-AED3-033E83626EE3}.Release|iPhone.ActiveCfg = Release|iPhone
		{C632C562-5D45-470C-AED3-033E83626EE3}.Release|iPhone.Build.0 = Release|iPhone
		{C632C562-5D45-470C-AED3-033E83626EE3}.Release|iPhone.Deploy.0 = Release|iPhone
		{C632C562-5D45-470C-AED3-033E83626EE3}.Release|iPhoneSimulator.ActiveCfg = Release|iPhoneSimulator
		{C632C562-5D45-470C-AED3-033E83626EE3}.Release|iPhoneSimulator.Build.0 = Release|iPhoneSimulator
		{C632C562-5D45-470C-AED3-033E83626EE3}.Release|iPhoneSimulator.Deploy.0 = Release|iPhoneSimulator
		{C632C562-5D45-470C-AED3-033E83626EE3}.Release|x64.ActiveCfg = Release|iPhone
		{C632C562-5D45-470C-AED3-033E83626EE3}.Release|x64.Build.0 = Release|iPhone
		{C632C562-5D45-470C-AED3-033E83626EE3}.Release|x64.Deploy.0 = Release|iPhone
		{C632C562-5D45-470C-AED3-033E83626EE3}.Release|x86.ActiveCfg = Release|iPhone
		{C632C562-5D45-470C-AED3-033E83626EE3}.Release|x86.Build.0 = Release|iPhone
		{C632C562-5D45-470C-AED3-033E83626EE3}.Release|x86.Deploy.0 = Release|iPhone
		{07F6C5A7-B395-44A8-A414-4560EE043DD3}.Ad-Hoc|Any CPU.ActiveCfg = Release|x86
		{07F6C5A7-B395-44A8-A414-4560EE043DD3}.Ad-Hoc|Any CPU.Build.0 = Release|x86
		{07F6C5A7-B395-44A8-A414-4560EE043DD3}.Ad-Hoc|Any CPU.Deploy.0 = Release|x86
		{07F6C5A7-B395-44A8-A414-4560EE043DD3}.Ad-Hoc|ARM.ActiveCfg = Release|ARM
		{07F6C5A7-B395-44A8-A414-4560EE043DD3}.Ad-Hoc|ARM.Build.0 = Release|ARM
		{07F6C5A7-B395-44A8-A414-4560EE043DD3}.Ad-Hoc|ARM.Deploy.0 = Release|ARM
		{07F6C5A7-B395-44A8-A414-4560EE043DD3}.Ad-Hoc|iPhone.ActiveCfg = Release|x86
		{07F6C5A7-B395-44A8-A414-4560EE043DD3}.Ad-Hoc|iPhone.Build.0 = Release|x86
		{07F6C5A7-B395-44A8-A414-4560EE043DD3}.Ad-Hoc|iPhone.Deploy.0 = Release|x86
		{07F6C5A7-B395-44A8-A414-4560EE043DD3}.Ad-Hoc|iPhoneSimulator.ActiveCfg = Release|x86
		{07F6C5A7-B395-44A8-A414-4560EE043DD3}.Ad-Hoc|iPhoneSimulator.Build.0 = Release|x86
		{07F6C5A7-B395-44A8-A414-4560EE043DD3}.Ad-Hoc|iPhoneSimulator.Deploy.0 = Release|x86
		{07F6C5A7-B395-44A8-A414-4560EE043DD3}.Ad-Hoc|x64.ActiveCfg = Release|x64
		{07F6C5A7-B395-44A8-A414-4560EE043DD3}.Ad-Hoc|x64.Build.0 = Release|x64
		{07F6C5A7-B395-44A8-A414-4560EE043DD3}.Ad-Hoc|x64.Deploy.0 = Release|x64
		{07F6C5A7-B395-44A8-A414-4560EE043DD3}.Ad-Hoc|x86.ActiveCfg = Release|x86
		{07F6C5A7-B395-44A8-A414-4560EE043DD3}.Ad-Hoc|x86.Build.0 = Release|x86
		{07F6C5A7-B395-44A8-A414-4560EE043DD3}.Ad-Hoc|x86.Deploy.0 = Release|x86
		{07F6C5A7-B395-44A8-A414-4560EE043DD3}.AppStore|Any CPU.ActiveCfg = Release|x86
		{07F6C5A7-B395-44A8-A414-4560EE043DD3}.AppStore|Any CPU.Build.0 = Release|x86
		{07F6C5A7-B395-44A8-A414-4560EE043DD3}.AppStore|Any CPU.Deploy.0 = Release|x86
		{07F6C5A7-B395-44A8-A414-4560EE043DD3}.AppStore|ARM.ActiveCfg = Release|ARM
		{07F6C5A7-B395-44A8-A414-4560EE043DD3}.AppStore|ARM.Build.0 = Release|ARM
		{07F6C5A7-B395-44A8-A414-4560EE043DD3}.AppStore|ARM.Deploy.0 = Release|ARM
		{07F6C5A7-B395-44A8-A414-4560EE043DD3}.AppStore|iPhone.ActiveCfg = Release|x86
		{07F6C5A7-B395-44A8-A414-4560EE043DD3}.AppStore|iPhone.Build.0 = Release|x86
		{07F6C5A7-B395-44A8-A414-4560EE043DD3}.AppStore|iPhone.Deploy.0 = Release|x86
		{07F6C5A7-B395-44A8-A414-4560EE043DD3}.AppStore|iPhoneSimulator.ActiveCfg = Release|x86
		{07F6C5A7-B395-44A8-A414-4560EE043DD3}.AppStore|iPhoneSimulator.Build.0 = Release|x86
		{07F6C5A7-B395-44A8-A414-4560EE043DD3}.AppStore|iPhoneSimulator.Deploy.0 = Release|x86
		{07F6C5A7-B395-44A8-A414-4560EE043DD3}.AppStore|x64.ActiveCfg = Release|x64
		{07F6C5A7-B395-44A8-A414-4560EE043DD3}.AppStore|x64.Build.0 = Release|x64
		{07F6C5A7-B395-44A8-A414-4560EE043DD3}.AppStore|x64.Deploy.0 = Release|x64
		{07F6C5A7-B395-44A8-A414-4560EE043DD3}.AppStore|x86.ActiveCfg = Release|x86
		{07F6C5A7-B395-44A8-A414-4560EE043DD3}.AppStore|x86.Build.0 = Release|x86
		{07F6C5A7-B395-44A8-A414-4560EE043DD3}.AppStore|x86.Deploy.0 = Release|x86
		{07F6C5A7-B395-44A8-A414-4560EE043DD3}.Debug|Any CPU.ActiveCfg = Debug|x86
		{07F6C5A7-B395-44A8-A414-4560EE043DD3}.Debug|Any CPU.Build.0 = Debug|x86
		{07F6C5A7-B395-44A8-A414-4560EE043DD3}.Debug|Any CPU.Deploy.0 = Debug|x86
		{07F6C5A7-B395-44A8-A414-4560EE043DD3}.Debug|ARM.ActiveCfg = Debug|ARM
		{07F6C5A7-B395-44A8-A414-4560EE043DD3}.Debug|ARM.Build.0 = Debug|ARM
		{07F6C5A7-B395-44A8-A414-4560EE043DD3}.Debug|ARM.Deploy.0 = Debug|ARM
		{07F6C5A7-B395-44A8-A414-4560EE043DD3}.Debug|iPhone.ActiveCfg = Debug|x86
		{07F6C5A7-B395-44A8-A414-4560EE043DD3}.Debug|iPhone.Build.0 = Debug|x86
		{07F6C5A7-B395-44A8-A414-4560EE043DD3}.Debug|iPhone.Deploy.0 = Debug|x86
		{07F6C5A7-B395-44A8-A414-4560EE043DD3}.Debug|iPhoneSimulator.ActiveCfg = Debug|x86
		{07F6C5A7-B395-44A8-A414-4560EE043DD3}.Debug|iPhoneSimulator.Build.0 = Debug|x86
		{07F6C5A7-B395-44A8-A414-4560EE043DD3}.Debug|iPhoneSimulator.Deploy.0 = Debug|x86
		{07F6C5A7-B395-44A8-A414-4560EE043DD3}.Debug|x64.ActiveCfg = Debug|x64
		{07F6C5A7-B395-44A8-A414-4560EE043DD3}.Debug|x64.Build.0 = Debug|x64
		{07F6C5A7-B395-44A8-A414-4560EE043DD3}.Debug|x64.Deploy.0 = Debug|x64
		{07F6C5A7-B395-44A8-A414-4560EE043DD3}.Debug|x86.ActiveCfg = Debug|x86
		{07F6C5A7-B395-44A8-A414-4560EE043DD3}.Debug|x86.Build.0 = Debug|x86
		{07F6C5A7-B395-44A8-A414-4560EE043DD3}.Debug|x86.Deploy.0 = Debug|x86
		{07F6C5A7-B395-44A8-A414-4560EE043DD3}.Release|Any CPU.ActiveCfg = Release|x86
		{07F6C5A7-B395-44A8-A414-4560EE043DD3}.Release|Any CPU.Build.0 = Release|x86
		{07F6C5A7-B395-44A8-A414-4560EE043DD3}.Release|Any CPU.Deploy.0 = Release|x86
		{07F6C5A7-B395-44A8-A414-4560EE043DD3}.Release|ARM.ActiveCfg = Release|ARM
		{07F6C5A7-B395-44A8-A414-4560EE043DD3}.Release|ARM.Build.0 = Release|ARM
		{07F6C5A7-B395-44A8-A414-4560EE043DD3}.Release|ARM.Deploy.0 = Release|ARM
		{07F6C5A7-B395-44A8-A414-4560EE043DD3}.Release|iPhone.ActiveCfg = Release|x86
		{07F6C5A7-B395-44A8-A414-4560EE043DD3}.Release|iPhone.Build.0 = Release|x86
		{07F6C5A7-B395-44A8-A414-4560EE043DD3}.Release|iPhone.Deploy.0 = Release|x86
		{07F6C5A7-B395-44A8-A414-4560EE043DD3}.Release|iPhoneSimulator.ActiveCfg = Release|x86
		{07F6C5A7-B395-44A8-A414-4560EE043DD3}.Release|iPhoneSimulator.Build.0 = Release|x86
		{07F6C5A7-B395-44A8-A414-4560EE043DD3}.Release|iPhoneSimulator.Deploy.0 = Release|x86
		{07F6C5A7-B395-44A8-A414-4560EE043DD3}.Release|x64.ActiveCfg = Release|x64
		{07F6C5A7-B395-44A8-A414-4560EE043DD3}.Release|x64.Build.0 = Release|x64
		{07F6C5A7-B395-44A8-A414-4560EE043DD3}.Release|x64.Deploy.0 = Release|x64
		{07F6C5A7-B395-44A8-A414-4560EE043DD3}.Release|x86.ActiveCfg = Release|x86
		{07F6C5A7-B395-44A8-A414-4560EE043DD3}.Release|x86.Build.0 = Release|x86
		{07F6C5A7-B395-44A8-A414-4560EE043DD3}.Release|x86.Deploy.0 = Release|x86
		{95D7A417-A452-4887-9559-4BC753C1D2BE}.Ad-Hoc|Any CPU.ActiveCfg = Debug|Any CPU
		{95D7A417-A452-4887-9559-4BC753C1D2BE}.Ad-Hoc|Any CPU.Build.0 = Debug|Any CPU
		{95D7A417-A452-4887-9559-4BC753C1D2BE}.Ad-Hoc|Any CPU.Deploy.0 = Debug|Any CPU
		{95D7A417-A452-4887-9559-4BC753C1D2BE}.Ad-Hoc|ARM.ActiveCfg = Debug|Any CPU
		{95D7A417-A452-4887-9559-4BC753C1D2BE}.Ad-Hoc|ARM.Build.0 = Debug|Any CPU
		{95D7A417-A452-4887-9559-4BC753C1D2BE}.Ad-Hoc|ARM.Deploy.0 = Debug|Any CPU
		{95D7A417-A452-4887-9559-4BC753C1D2BE}.Ad-Hoc|iPhone.ActiveCfg = Debug|Any CPU
		{95D7A417-A452-4887-9559-4BC753C1D2BE}.Ad-Hoc|iPhone.Build.0 = Debug|Any CPU
		{95D7A417-A452-4887-9559-4BC753C1D2BE}.Ad-Hoc|iPhone.Deploy.0 = Debug|Any CPU
		{95D7A417-A452-4887-9559-4BC753C1D2BE}.Ad-Hoc|iPhoneSimulator.ActiveCfg = Debug|Any CPU
		{95D7A417-A452-4887-9559-4BC753C1D2BE}.Ad-Hoc|iPhoneSimulator.Build.0 = Debug|Any CPU
		{95D7A417-A452-4887-9559-4BC753C1D2BE}.Ad-Hoc|iPhoneSimulator.Deploy.0 = Debug|Any CPU
		{95D7A417-A452-4887-9559-4BC753C1D2BE}.Ad-Hoc|x64.ActiveCfg = Debug|Any CPU
		{95D7A417-A452-4887-9559-4BC753C1D2BE}.Ad-Hoc|x64.Build.0 = Debug|Any CPU
		{95D7A417-A452-4887-9559-4BC753C1D2BE}.Ad-Hoc|x64.Deploy.0 = Debug|Any CPU
		{95D7A417-A452-4887-9559-4BC753C1D2BE}.Ad-Hoc|x86.ActiveCfg = Debug|Any CPU
		{95D7A417-A452-4887-9559-4BC753C1D2BE}.Ad-Hoc|x86.Build.0 = Debug|Any CPU
		{95D7A417-A452-4887-9559-4BC753C1D2BE}.Ad-Hoc|x86.Deploy.0 = Debug|Any CPU
		{95D7A417-A452-4887-9559-4BC753C1D2BE}.AppStore|Any CPU.ActiveCfg = Debug|Any CPU
		{95D7A417-A452-4887-9559-4BC753C1D2BE}.AppStore|Any CPU.Build.0 = Debug|Any CPU
		{95D7A417-A452-4887-9559-4BC753C1D2BE}.AppStore|Any CPU.Deploy.0 = Debug|Any CPU
		{95D7A417-A452-4887-9559-4BC753C1D2BE}.AppStore|ARM.ActiveCfg = Debug|Any CPU
		{95D7A417-A452-4887-9559-4BC753C1D2BE}.AppStore|ARM.Build.0 = Debug|Any CPU
		{95D7A417-A452-4887-9559-4BC753C1D2BE}.AppStore|ARM.Deploy.0 = Debug|Any CPU
		{95D7A417-A452-4887-9559-4BC753C1D2BE}.AppStore|iPhone.ActiveCfg = Debug|Any CPU
		{95D7A417-A452-4887-9559-4BC753C1D2BE}.AppStore|iPhone.Build.0 = Debug|Any CPU
		{95D7A417-A452-4887-9559-4BC753C1D2BE}.AppStore|iPhone.Deploy.0 = Debug|Any CPU
		{95D7A417-A452-4887-9559-4BC753C1D2BE}.AppStore|iPhoneSimulator.ActiveCfg = Debug|Any CPU
		{95D7A417-A452-4887-9559-4BC753C1D2BE}.AppStore|iPhoneSimulator.Build.0 = Debug|Any CPU
		{95D7A417-A452-4887-9559-4BC753C1D2BE}.AppStore|iPhoneSimulator.Deploy.0 = Debug|Any CPU
		{95D7A417-A452-4887-9559-4BC753C1D2BE}.AppStore|x64.ActiveCfg = Debug|Any CPU
		{95D7A417-A452-4887-9559-4BC753C1D2BE}.AppStore|x64.Build.0 = Debug|Any CPU
		{95D7A417-A452-4887-9559-4BC753C1D2BE}.AppStore|x64.Deploy.0 = Debug|Any CPU
		{95D7A417-A452-4887-9559-4BC753C1D2BE}.AppStore|x86.ActiveCfg = Debug|Any CPU
		{95D7A417-A452-4887-9559-4BC753C1D2BE}.AppStore|x86.Build.0 = Debug|Any CPU
		{95D7A417-A452-4887-9559-4BC753C1D2BE}.AppStore|x86.Deploy.0 = Debug|Any CPU
		{95D7A417-A452-4887-9559-4BC753C1D2BE}.Debug|Any CPU.ActiveCfg = Debug|Any CPU
		{95D7A417-A452-4887-9559-4BC753C1D2BE}.Debug|Any CPU.Build.0 = Debug|Any CPU
		{95D7A417-A452-4887-9559-4BC753C1D2BE}.Debug|Any CPU.Deploy.0 = Debug|Any CPU
		{95D7A417-A452-4887-9559-4BC753C1D2BE}.Debug|ARM.ActiveCfg = Debug|Any CPU
		{95D7A417-A452-4887-9559-4BC753C1D2BE}.Debug|ARM.Build.0 = Debug|Any CPU
		{95D7A417-A452-4887-9559-4BC753C1D2BE}.Debug|ARM.Deploy.0 = Debug|Any CPU
		{95D7A417-A452-4887-9559-4BC753C1D2BE}.Debug|iPhone.ActiveCfg = Debug|Any CPU
		{95D7A417-A452-4887-9559-4BC753C1D2BE}.Debug|iPhone.Build.0 = Debug|Any CPU
		{95D7A417-A452-4887-9559-4BC753C1D2BE}.Debug|iPhone.Deploy.0 = Debug|Any CPU
		{95D7A417-A452-4887-9559-4BC753C1D2BE}.Debug|iPhoneSimulator.ActiveCfg = Debug|Any CPU
		{95D7A417-A452-4887-9559-4BC753C1D2BE}.Debug|iPhoneSimulator.Build.0 = Debug|Any CPU
		{95D7A417-A452-4887-9559-4BC753C1D2BE}.Debug|iPhoneSimulator.Deploy.0 = Debug|Any CPU
		{95D7A417-A452-4887-9559-4BC753C1D2BE}.Debug|x64.ActiveCfg = Debug|Any CPU
		{95D7A417-A452-4887-9559-4BC753C1D2BE}.Debug|x64.Build.0 = Debug|Any CPU
		{95D7A417-A452-4887-9559-4BC753C1D2BE}.Debug|x64.Deploy.0 = Debug|Any CPU
		{95D7A417-A452-4887-9559-4BC753C1D2BE}.Debug|x86.ActiveCfg = Debug|Any CPU
		{95D7A417-A452-4887-9559-4BC753C1D2BE}.Debug|x86.Build.0 = Debug|Any CPU
		{95D7A417-A452-4887-9559-4BC753C1D2BE}.Debug|x86.Deploy.0 = Debug|Any CPU
		{95D7A417-A452-4887-9559-4BC753C1D2BE}.Release|Any CPU.ActiveCfg = Release|Any CPU
		{95D7A417-A452-4887-9559-4BC753C1D2BE}.Release|Any CPU.Build.0 = Release|Any CPU
		{95D7A417-A452-4887-9559-4BC753C1D2BE}.Release|Any CPU.Deploy.0 = Release|Any CPU
		{95D7A417-A452-4887-9559-4BC753C1D2BE}.Release|ARM.ActiveCfg = Release|Any CPU
		{95D7A417-A452-4887-9559-4BC753C1D2BE}.Release|ARM.Build.0 = Release|Any CPU
		{95D7A417-A452-4887-9559-4BC753C1D2BE}.Release|ARM.Deploy.0 = Release|Any CPU
		{95D7A417-A452-4887-9559-4BC753C1D2BE}.Release|iPhone.ActiveCfg = Release|Any CPU
		{95D7A417-A452-4887-9559-4BC753C1D2BE}.Release|iPhone.Build.0 = Release|Any CPU
		{95D7A417-A452-4887-9559-4BC753C1D2BE}.Release|iPhone.Deploy.0 = Release|Any CPU
		{95D7A417-A452-4887-9559-4BC753C1D2BE}.Release|iPhoneSimulator.ActiveCfg = Release|Any CPU
		{95D7A417-A452-4887-9559-4BC753C1D2BE}.Release|iPhoneSimulator.Build.0 = Release|Any CPU
		{95D7A417-A452-4887-9559-4BC753C1D2BE}.Release|iPhoneSimulator.Deploy.0 = Release|Any CPU
		{95D7A417-A452-4887-9559-4BC753C1D2BE}.Release|x64.ActiveCfg = Release|Any CPU
		{95D7A417-A452-4887-9559-4BC753C1D2BE}.Release|x64.Build.0 = Release|Any CPU
		{95D7A417-A452-4887-9559-4BC753C1D2BE}.Release|x64.Deploy.0 = Release|Any CPU
		{95D7A417-A452-4887-9559-4BC753C1D2BE}.Release|x86.ActiveCfg = Release|Any CPU
		{95D7A417-A452-4887-9559-4BC753C1D2BE}.Release|x86.Build.0 = Release|Any CPU
		{95D7A417-A452-4887-9559-4BC753C1D2BE}.Release|x86.Deploy.0 = Release|Any CPU
	EndGlobalSection
	GlobalSection(SolutionProperties) = preSolution
		HideSolutionNode = FALSE
	EndGlobalSection
	GlobalSection(ExtensibilityGlobals) = postSolution
		SolutionGuid = {619BD905-7CC7-4675-A8F2-7C95CCFFACCF}
	EndGlobalSection
EndGlobal
